{
  "version": 4,
  "terraform_version": "1.10.5",
  "serial": 38,
  "lineage": "3b07180a-afc3-a9bf-5ccc-9eca5ddd3242",
  "outputs": {},
  "resources": [
    {
      "mode": "data",
      "type": "rancher2_cloud_credential",
      "name": "aws_credentials",
      "provider": "provider[\"registry.terraform.io/rancher/rancher2\"]",
      "instances": [
        {
          "schema_version": 0,
          "attributes": {
            "annotations": {},
            "id": "cattle-global-data:cc-t2jbm",
            "labels": {
              "cattle.io/creator": "norman"
            },
            "name": "mk"
          },
          "sensitive_attributes": []
        }
      ]
    },
    {
      "mode": "managed",
      "type": "rancher2_cluster_v2",
      "name": "rke2_cluster",
      "provider": "provider[\"registry.terraform.io/rancher/rancher2\"]",
      "instances": [
        {
          "schema_version": 1,
          "attributes": {
            "agent_env_vars": [],
            "annotations": {
              "field.cattle.io/creatorId": "user-6lt48"
            },
            "cloud_credential_secret_name": "cattle-global-data:cc-t2jbm",
            "cluster_agent_deployment_customization": [],
            "cluster_registration_token": [
              {
                "annotations": {},
                "cluster_id": "c-m-zcjqnn9x",
                "command": "kubectl apply -f https://35.153.142.164.sslip.io/v3/import/7bcj4v74q2vkqsm7584crv9rks5ldt9hm2p94pws89kdfqrwpwl4tk_c-m-zcjqnn9x.yaml",
                "id": "c-m-zcjqnn9x:default-token",
                "insecure_command": "curl --insecure -sfL https://35.153.142.164.sslip.io/v3/import/7bcj4v74q2vkqsm7584crv9rks5ldt9hm2p94pws89kdfqrwpwl4tk_c-m-zcjqnn9x.yaml | kubectl apply -f -",
                "insecure_node_command": " curl --insecure -fL https://35.153.142.164.sslip.io/system-agent-install.sh | sudo  sh -s - --server https://35.153.142.164.sslip.io --label 'cattle.io/os=linux' --token 7bcj4v74q2vkqsm7584crv9rks5ldt9hm2p94pws89kdfqrwpwl4tk --ca-checksum 64230deee801d5e7ea180bb38d1ef9338d246273f67b08d85d42dee6e52bd41f",
                "insecure_windows_node_command": " curl.exe --insecure -fL https://35.153.142.164.sslip.io/wins-agent-install.ps1 -o install.ps1; Set-ExecutionPolicy Bypass -Scope Process -Force; ./install.ps1 -Server https://35.153.142.164.sslip.io -Label 'cattle.io/os=windows' -Token 7bcj4v74q2vkqsm7584crv9rks5ldt9hm2p94pws89kdfqrwpwl4tk -Worker -CaChecksum 64230deee801d5e7ea180bb38d1ef9338d246273f67b08d85d42dee6e52bd41f",
                "labels": {},
                "manifest_url": "https://35.153.142.164.sslip.io/v3/import/7bcj4v74q2vkqsm7584crv9rks5ldt9hm2p94pws89kdfqrwpwl4tk_c-m-zcjqnn9x.yaml",
                "name": "default-token",
                "node_command": " curl -fL https://35.153.142.164.sslip.io/system-agent-install.sh | sudo  sh -s - --server https://35.153.142.164.sslip.io --label 'cattle.io/os=linux' --token 7bcj4v74q2vkqsm7584crv9rks5ldt9hm2p94pws89kdfqrwpwl4tk --ca-checksum 64230deee801d5e7ea180bb38d1ef9338d246273f67b08d85d42dee6e52bd41f",
                "token": "7bcj4v74q2vkqsm7584crv9rks5ldt9hm2p94pws89kdfqrwpwl4tk",
                "windows_node_command": " curl.exe -fL https://35.153.142.164.sslip.io/wins-agent-install.ps1 -o install.ps1; Set-ExecutionPolicy Bypass -Scope Process -Force; ./install.ps1 -Server https://35.153.142.164.sslip.io -Label 'cattle.io/os=windows' -Token 7bcj4v74q2vkqsm7584crv9rks5ldt9hm2p94pws89kdfqrwpwl4tk -Worker -CaChecksum 64230deee801d5e7ea180bb38d1ef9338d246273f67b08d85d42dee6e52bd41f"
              }
            ],
            "cluster_v1_id": "c-m-zcjqnn9x",
            "default_cluster_role_for_project_members": null,
            "default_pod_security_admission_configuration_template_name": null,
            "enable_network_policy": false,
            "fleet_agent_deployment_customization": [],
            "fleet_namespace": "fleet-default",
            "id": "fleet-default/rke2-tf",
            "kube_config": "apiVersion: v1\nkind: Config\nclusters:\n- name: \"rke2-tf\"\n  cluster:\n    server: \"https://35.153.142.164.sslip.io/k8s/clusters/c-m-zcjqnn9x\"\n    certificate-authority-data: \"LS0tLS1CRUdJTiBDRVJUSUZJQ0FURS0tLS0tCk1JSUJ2RENDQ\\\n      VdPZ0F3SUJBZ0lCQURBS0JnZ3Foa2pPUFFRREFqQkdNUnd3R2dZRFZRUUtFeE5rZVc1aGJXbGoKY\\\n      kdsemRHVnVaWEl0YjNKbk1TWXdKQVlEVlFRRERCMWtlVzVoYldsamJHbHpkR1Z1WlhJdFkyRkFNV\\\n      GMwTlRrMQpNalkxTnpBZUZ3MHlOVEEwTWpreE9EVXdOVGRhRncwek5UQTBNamN4T0RVd05UZGFNR\\\n      Vl4SERBYUJnTlZCQW9UCkUyUjVibUZ0YVdOc2FYTjBaVzVsY2kxdmNtY3hKakFrQmdOVkJBTU1IV\\\n      1I1Ym1GdGFXTnNhWE4wWlc1bGNpMWoKWVVBeE56UTFPVFV5TmpVM01Ga3dFd1lIS29aSXpqMENBU\\\n      VlJS29aSXpqMERBUWNEUWdBRWtDcVliNTY0WlRHTwpxTnFpRWpINXBJdS9sV3FPc1JPdVdpaEF5T\\\n      HFqZnhJMVBueTBYUDJzS2RobFFBN3pLTTc4MlJkU0wrM2c2blRRClppTnd1WlM5eTZOQ01FQXdEZ\\\n      1lEVlIwUEFRSC9CQVFEQWdLa01BOEdBMVVkRXdFQi93UUZNQU1CQWY4d0hRWUQKVlIwT0JCWUVGS\\\n      mE4dXdETUhUdjd1NUhDbTBNZFBPOWREaUpITUFvR0NDcUdTTTQ5QkFNQ0EwY0FNRVFDSUErdwplV\\\n      UNKSUxqd3BlWnBXbDlrWDJwSGFZNzZrMWdRTGVGYVdKY1NUSit0QWlCUkFvS0VwVkhEUDlGQzdBU\\\n      zI4Q0NMCnptSzBNRkxZblNVdUNvWTd0dzEvaXc9PQotLS0tLUVORCBDRVJUSUZJQ0FURS0tLS0t\"\n\nusers:\n- name: \"rke2-tf\"\n  user:\n    token: \"kubeconfig-user-6lt482prmf:wrdvsddg95cj2cv4cd8wjvm5f5hgs2cjpgtdrxpxw5lmv6ngkcxtfg\"\n\n\ncontexts:\n- name: \"rke2-tf\"\n  context:\n    user: \"rke2-tf\"\n    cluster: \"rke2-tf\"\n\ncurrent-context: \"rke2-tf\"\n",
            "kubernetes_version": "v1.26.15+rke2r1",
            "labels": {},
            "local_auth_endpoint": [],
            "name": "rke2-tf",
            "resource_version": "73067",
            "rke_config": [
              {
                "additional_manifest": "",
                "chart_values": "",
                "etcd": [],
                "etcd_snapshot_create": [],
                "etcd_snapshot_restore": [],
                "local_auth_endpoint": [],
                "machine_global_config": "cni: canal\ndisable-kube-proxy: false\netcd-expose-metrics: false\n",
                "machine_pool_defaults": [],
                "machine_pools": [
                  {
                    "annotations": {},
                    "cloud_credential_secret_name": "cattle-global-data:cc-t2jbm",
                    "control_plane_role": true,
                    "drain_before_delete": true,
                    "etcd_role": true,
                    "hostname_length_limit": 0,
                    "labels": {},
                    "machine_config": [
                      {
                        "api_version": "",
                        "kind": "Amazonec2Config",
                        "name": "nc-aws-machine-config-2lvsr"
                      }
                    ],
                    "machine_labels": {},
                    "max_unhealthy": "",
                    "name": "master",
                    "node_drain_timeout": 0,
                    "node_startup_timeout_seconds": 0,
                    "paused": false,
                    "quantity": 1,
                    "rolling_update": [],
                    "taints": [],
                    "unhealthy_node_timeout_seconds": 0,
                    "unhealthy_range": "",
                    "worker_role": true
                  }
                ],
                "machine_selector_config": [],
                "machine_selector_files": [],
                "registries": [],
                "rotate_certificates": [],
                "upgrade_strategy": []
              }
            ],
            "timeouts": null
          },
          "sensitive_attributes": [
            [
              {
                "type": "get_attr",
                "value": "kube_config"
              }
            ],
            [
              {
                "type": "get_attr",
                "value": "cluster_registration_token"
              }
            ]
          ],
          "private": "eyJlMmJmYjczMC1lY2FhLTExZTYtOGY4OC0zNDM2M2JjN2M0YzAiOnsiY3JlYXRlIjoxODAwMDAwMDAwMDAwLCJkZWxldGUiOjE4MDAwMDAwMDAwMDAsInVwZGF0ZSI6MTgwMDAwMDAwMDAwMH0sInNjaGVtYV92ZXJzaW9uIjoiMSJ9",
          "dependencies": [
            "data.rancher2_cloud_credential.aws_credentials",
            "rancher2_machine_config_v2.aws-machine-config"
          ]
        }
      ]
    },
    {
      "mode": "managed",
      "type": "rancher2_machine_config_v2",
      "name": "aws-machine-config",
      "provider": "provider[\"registry.terraform.io/rancher/rancher2\"]",
      "instances": [
        {
          "schema_version": 0,
          "attributes": {
            "amazonec2_config": [
              {
                "access_key": "",
                "ami": "ami-084568db4383264d4",
                "block_duration_minutes": "0",
                "device_name": "",
                "encrypt_ebs_volume": false,
                "endpoint": "",
                "http_endpoint": "",
                "http_tokens": "",
                "iam_instance_profile": "ec2-admin-instance-profile",
                "insecure_transport": false,
                "instance_type": "t2.medium",
                "kms_key": "",
                "monitoring": false,
                "open_port": null,
                "private_address_only": false,
                "region": "us-east-1",
                "request_spot_instance": false,
                "retries": "5",
                "root_size": "16",
                "secret_key": "",
                "security_group": [
                  "mkhalid-sg"
                ],
                "security_group_readonly": false,
                "session_token": "",
                "spot_price": "0.50",
                "ssh_key_contents": "",
                "ssh_user": "ubuntu",
                "subnet_id": "subnet-a5c56ee8",
                "tags": "",
                "use_ebs_optimized_instance": false,
                "use_private_address": false,
                "userdata": "",
                "volume_type": "gp2",
                "vpc_id": "vpc-9dd3e7e7",
                "zone": "c"
              }
            ],
            "annotations": {
              "field.cattle.io/creatorId": "user-6lt48"
            },
            "azure_config": [],
            "digitalocean_config": [],
            "fleet_namespace": "fleet-default",
            "generate_name": "aws-machine-config",
            "harvester_config": [],
            "id": "fleet-default/nc-aws-machine-config-2lvsr",
            "kind": "Amazonec2Config",
            "labels": {},
            "linode_config": [],
            "name": "nc-aws-machine-config-2lvsr",
            "openstack_config": [],
            "resource_version": "70212",
            "timeouts": null,
            "vsphere_config": []
          },
          "sensitive_attributes": [
            [
              {
                "type": "get_attr",
                "value": "amazonec2_config"
              },
              {
                "type": "index",
                "value": {
                  "value": 0,
                  "type": "number"
                }
              },
              {
                "type": "get_attr",
                "value": "secret_key"
              }
            ],
            [
              {
                "type": "get_attr",
                "value": "amazonec2_config"
              },
              {
                "type": "index",
                "value": {
                  "value": 0,
                  "type": "number"
                }
              },
              {
                "type": "get_attr",
                "value": "session_token"
              }
            ],
            [
              {
                "type": "get_attr",
                "value": "amazonec2_config"
              },
              {
                "type": "index",
                "value": {
                  "value": 0,
                  "type": "number"
                }
              },
              {
                "type": "get_attr",
                "value": "access_key"
              }
            ],
            [
              {
                "type": "get_attr",
                "value": "amazonec2_config"
              },
              {
                "type": "index",
                "value": {
                  "value": 0,
                  "type": "number"
                }
              },
              {
                "type": "get_attr",
                "value": "ssh_key_contents"
              }
            ]
          ],
          "private": "eyJlMmJmYjczMC1lY2FhLTExZTYtOGY4OC0zNDM2M2JjN2M0YzAiOnsiY3JlYXRlIjoxODAwMDAwMDAwMDAsImRlbGV0ZSI6NjAwMDAwMDAwMDAwLCJ1cGRhdGUiOjYwMDAwMDAwMDAwMH19"
        }
      ]
    }
  ],
  "check_results": null
}
